
Microsoft Visual Studio Solution File, Format Version 12.00
# Visual Studio Version 17
VisualStudioVersion = 17.9.34728.123
MinimumVisualStudioVersion = 10.0.40219.1
Project("{9A19103F-16F7-4668-BE54-9A1E7A4F7556}") = "MO_WebApp_01", "MO_WebApp_01\MO_WebApp_01.csproj", "{2D1E79F3-4743-4FA1-B6A7-C5E94E7ACAAC}"
EndProject
Global
	GlobalSection(SolutionConfigurationPlatforms) = preSolution
		Debug|Any CPU = Debug|Any CPU
		Release|Any CPU = Release|Any CPU
	EndGlobalSection
	GlobalSection(ProjectConfigurationPlatforms) = postSolution
		{2D1E79F3-4743-4FA1-B6A7-C5E94E7ACAAC}.Debug|Any CPU.ActiveCfg = Debug|Any CPU
		{2D1E79F3-4743-4FA1-B6A7-C5E94E7ACAAC}.Debug|Any CPU.Build.0 = Debug|Any CPU
		{2D1E79F3-4743-4FA1-B6A7-C5E94E7ACAAC}.Release|Any CPU.ActiveCfg = Release|Any CPU
		{2D1E79F3-4743-4FA1-B6A7-C5E94E7ACAAC}.Release|Any CPU.Build.0 = Release|Any CPU
	EndGlobalSection
	GlobalSection(SolutionProperties) = preSolution
		HideSolutionNode = FALSE
	EndGlobalSection
	GlobalSection(ExtensibilityGlobals) = postSolution
		SolutionGuid = {68D7B556-B08B-4319-98F3-68D9EA0FAEE6}
	EndGlobalSection
EndGlobal
